{
  "originHash" : "2d603e190f845b2b8dbb02c417db3b36dd169740d606e67b039bbc7551677e3d",
  "pins" : [
    {
      "identity" : "swifttomledit",
      "kind" : "remoteSourceControl",
      "location" : "https://github.com/gi8lino/SwiftTOMLEdit.git",
      "state" : {
        "revision" : "d6a93a4eb18a58ca4174a11bd2cd83eb66826f97",
        "version" : "0.0.2"
      }
    }
  ],
  "version" : 3
}
